github.com/cloudwego/hertz v0.9.7 h1:tAVaiO+vTf+ZkQhvNhKbDJ0hmC4oJ7bzwDi1KhvhHy4=
github.com/cloudwego/hertz v0.9.7/go.mod h1:t6d7NcoQxPmETvzPMMIVPHMn5C5QzpqIiFsaavoLJYQ=
github.com/cloudwego/kitex v0.13.1 h1:oPJS/hy9gvo0rlfQmJAKJj8F4PMLG74IYzpaPlCRgg8=
github.com/cloudwego/kitex v0.13.1/go.mod h1:eHEp//JKqEnQYFPLifEMOikxuLikEnfVXKKniroLTjA=
